
Microsoft Visual Studio Solution File, Format Version 12.00
Project("{FAE04EC0-301F-11D3-BF4B-00C04F79EFBC}") = "Variables", "Variables\Variables.csproj", "{BFA1E680-C551-41EA-8CE0-FC355D790ECB}"
EndProject
Global
	GlobalSection(SolutionConfigurationPlatforms) = preSolution
		Debug|Any CPU = Debug|Any CPU
		Release|Any CPU = Release|Any CPU
	EndGlobalSection
	GlobalSection(ProjectConfigurationPlatforms) = postSolution
		{BFA1E680-C551-41EA-8CE0-FC355D790ECB}.Debug|Any CPU.ActiveCfg = Debug|Any CPU
		{BFA1E680-C551-41EA-8CE0-FC355D790ECB}.Debug|Any CPU.Build.0 = Debug|Any CPU
		{BFA1E680-C551-41EA-8CE0-FC355D790ECB}.Release|Any CPU.ActiveCfg = Release|Any CPU
		{BFA1E680-C551-41EA-8CE0-FC355D790ECB}.Release|Any CPU.Build.0 = Release|Any CPU
	EndGlobalSection
EndGlobal
