
Microsoft Visual Studio Solution File, Format Version 12.00
Project("{FAE04EC0-301F-11D3-BF4B-00C04F79EFBC}") = "GetDivisors", "GetDivisors\GetDivisors.csproj", "{559B57F9-8F1C-4AED-9F73-CF56A389612C}"
EndProject
Project("{FAE04EC0-301F-11D3-BF4B-00C04F79EFBC}") = "GetDivisors.Test", "GetDivisors.Test\GetDivisors.Test.csproj", "{44E848BA-F097-4F3B-994D-2BEE79108CEF}"
EndProject
Global
	GlobalSection(SolutionConfigurationPlatforms) = preSolution
		Debug|Any CPU = Debug|Any CPU
		Release|Any CPU = Release|Any CPU
	EndGlobalSection
	GlobalSection(ProjectConfigurationPlatforms) = postSolution
		{559B57F9-8F1C-4AED-9F73-CF56A389612C}.Debug|Any CPU.ActiveCfg = Debug|Any CPU
		{559B57F9-8F1C-4AED-9F73-CF56A389612C}.Debug|Any CPU.Build.0 = Debug|Any CPU
		{559B57F9-8F1C-4AED-9F73-CF56A389612C}.Release|Any CPU.ActiveCfg = Release|Any CPU
		{559B57F9-8F1C-4AED-9F73-CF56A389612C}.Release|Any CPU.Build.0 = Release|Any CPU
		{44E848BA-F097-4F3B-994D-2BEE79108CEF}.Debug|Any CPU.ActiveCfg = Debug|Any CPU
		{44E848BA-F097-4F3B-994D-2BEE79108CEF}.Debug|Any CPU.Build.0 = Debug|Any CPU
		{44E848BA-F097-4F3B-994D-2BEE79108CEF}.Release|Any CPU.ActiveCfg = Release|Any CPU
		{44E848BA-F097-4F3B-994D-2BEE79108CEF}.Release|Any CPU.Build.0 = Release|Any CPU
	EndGlobalSection
EndGlobal
