
Microsoft Visual Studio Solution File, Format Version 12.00
Project("{FAE04EC0-301F-11D3-BF4B-00C04F79EFBC}") = "ReverseWordsInString", "ReverseWordsInString\ReverseWordsInString.csproj", "{2095ABC6-193C-434D-BB7F-6CBC02639FFC}"
EndProject
Project("{FAE04EC0-301F-11D3-BF4B-00C04F79EFBC}") = "ReverseWordsInStringTest", "ReverseWordsInStringTest\ReverseWordsInStringTest.csproj", "{CA776825-B515-4F70-8839-D3C7B7274D4B}"
EndProject
Project("{FAE04EC0-301F-11D3-BF4B-00C04F79EFBC}") = "ReverseWordsInStringBenchmark", "ReverseWordsInStringBenchmark\ReverseWordsInStringBenchmark.csproj", "{90F4B67E-2150-4679-9907-33E948572F67}"
EndProject
Global
	GlobalSection(SolutionConfigurationPlatforms) = preSolution
		Debug|Any CPU = Debug|Any CPU
		Release|Any CPU = Release|Any CPU
	EndGlobalSection
	GlobalSection(ProjectConfigurationPlatforms) = postSolution
		{2095ABC6-193C-434D-BB7F-6CBC02639FFC}.Debug|Any CPU.ActiveCfg = Debug|Any CPU
		{2095ABC6-193C-434D-BB7F-6CBC02639FFC}.Debug|Any CPU.Build.0 = Debug|Any CPU
		{2095ABC6-193C-434D-BB7F-6CBC02639FFC}.Release|Any CPU.ActiveCfg = Release|Any CPU
		{2095ABC6-193C-434D-BB7F-6CBC02639FFC}.Release|Any CPU.Build.0 = Release|Any CPU
		{CA776825-B515-4F70-8839-D3C7B7274D4B}.Debug|Any CPU.ActiveCfg = Debug|Any CPU
		{CA776825-B515-4F70-8839-D3C7B7274D4B}.Debug|Any CPU.Build.0 = Debug|Any CPU
		{CA776825-B515-4F70-8839-D3C7B7274D4B}.Release|Any CPU.ActiveCfg = Release|Any CPU
		{CA776825-B515-4F70-8839-D3C7B7274D4B}.Release|Any CPU.Build.0 = Release|Any CPU
		{90F4B67E-2150-4679-9907-33E948572F67}.Debug|Any CPU.ActiveCfg = Debug|Any CPU
		{90F4B67E-2150-4679-9907-33E948572F67}.Debug|Any CPU.Build.0 = Debug|Any CPU
		{90F4B67E-2150-4679-9907-33E948572F67}.Release|Any CPU.ActiveCfg = Release|Any CPU
		{90F4B67E-2150-4679-9907-33E948572F67}.Release|Any CPU.Build.0 = Release|Any CPU
	EndGlobalSection
EndGlobal
