
Microsoft Visual Studio Solution File, Format Version 12.00
Project("{FAE04EC0-301F-11D3-BF4B-00C04F79EFBC}") = "SumOfEvens", "SumOfEvens\SumOfEvens.csproj", "{098F1192-8F13-4CEC-8FB8-F03A221861CF}"
EndProject
Project("{FAE04EC0-301F-11D3-BF4B-00C04F79EFBC}") = "SumOfEvens.Test", "SumOfEvens.Test\SumOfEvens.Test.csproj", "{A03D418B-6CC7-4675-AC21-B43249B948A2}"
EndProject
Global
	GlobalSection(SolutionConfigurationPlatforms) = preSolution
		Debug|Any CPU = Debug|Any CPU
		Release|Any CPU = Release|Any CPU
	EndGlobalSection
	GlobalSection(ProjectConfigurationPlatforms) = postSolution
		{098F1192-8F13-4CEC-8FB8-F03A221861CF}.Debug|Any CPU.ActiveCfg = Debug|Any CPU
		{098F1192-8F13-4CEC-8FB8-F03A221861CF}.Debug|Any CPU.Build.0 = Debug|Any CPU
		{098F1192-8F13-4CEC-8FB8-F03A221861CF}.Release|Any CPU.ActiveCfg = Release|Any CPU
		{098F1192-8F13-4CEC-8FB8-F03A221861CF}.Release|Any CPU.Build.0 = Release|Any CPU
		{A03D418B-6CC7-4675-AC21-B43249B948A2}.Debug|Any CPU.ActiveCfg = Debug|Any CPU
		{A03D418B-6CC7-4675-AC21-B43249B948A2}.Debug|Any CPU.Build.0 = Debug|Any CPU
		{A03D418B-6CC7-4675-AC21-B43249B948A2}.Release|Any CPU.ActiveCfg = Release|Any CPU
		{A03D418B-6CC7-4675-AC21-B43249B948A2}.Release|Any CPU.Build.0 = Release|Any CPU
	EndGlobalSection
EndGlobal
