
Microsoft Visual Studio Solution File, Format Version 12.00
Project("{FAE04EC0-301F-11D3-BF4B-00C04F79EFBC}") = "ApisConsumer", "ApisConsumer\ApisConsumer.csproj", "{A1C678BC-C4CD-4A1E-BCD0-B86D81C9A65B}"
EndProject
Global
	GlobalSection(SolutionConfigurationPlatforms) = preSolution
		Debug|Any CPU = Debug|Any CPU
		Release|Any CPU = Release|Any CPU
	EndGlobalSection
	GlobalSection(ProjectConfigurationPlatforms) = postSolution
		{A1C678BC-C4CD-4A1E-BCD0-B86D81C9A65B}.Debug|Any CPU.ActiveCfg = Debug|Any CPU
		{A1C678BC-C4CD-4A1E-BCD0-B86D81C9A65B}.Debug|Any CPU.Build.0 = Debug|Any CPU
		{A1C678BC-C4CD-4A1E-BCD0-B86D81C9A65B}.Release|Any CPU.ActiveCfg = Release|Any CPU
		{A1C678BC-C4CD-4A1E-BCD0-B86D81C9A65B}.Release|Any CPU.Build.0 = Release|Any CPU
	EndGlobalSection
EndGlobal
